
Microsoft Visual Studio Solution File, Format Version 12.00
# Visual Studio 15
VisualStudioVersion = 15.0.28307.902
MinimumVisualStudioVersion = 10.0.40219.1
Project("{FAE04EC0-301F-11D3-BF4B-00C04F79EFBC}") = "ConsumoDeApi", "ConsumoDeApi\ConsumoDeApi.csproj", "{91B8FCF7-6466-411B-B3DD-4C1994F44742}"
EndProject
Global
	GlobalSection(SolutionConfigurationPlatforms) = preSolution
		Debug|Any CPU = Debug|Any CPU
		Release|Any CPU = Release|Any CPU
	EndGlobalSection
	GlobalSection(ProjectConfigurationPlatforms) = postSolution
		{91B8FCF7-6466-411B-B3DD-4C1994F44742}.Debug|Any CPU.ActiveCfg = Debug|Any CPU
		{91B8FCF7-6466-411B-B3DD-4C1994F44742}.Debug|Any CPU.Build.0 = Debug|Any CPU
		{91B8FCF7-6466-411B-B3DD-4C1994F44742}.Release|Any CPU.ActiveCfg = Release|Any CPU
		{91B8FCF7-6466-411B-B3DD-4C1994F44742}.Release|Any CPU.Build.0 = Release|Any CPU
	EndGlobalSection
	GlobalSection(SolutionProperties) = preSolution
		HideSolutionNode = FALSE
	EndGlobalSection
	GlobalSection(ExtensibilityGlobals) = postSolution
		SolutionGuid = {2FE76F24-04F4-4E72-B499-9C8B80A0F89D}
	EndGlobalSection
EndGlobal
